
Microsoft Visual Studio Solution File, Format Version 12.00
# Visual Studio Version 16
VisualStudioVersion = 16.0.31424.327
MinimumVisualStudioVersion = 10.0.40219.1
Project("{FAE04EC0-301F-11D3-BF4B-00C04F79EFBC}") = "LoadImage", "LoadImage.csproj", "{A43F8C05-1BDB-4A5F-9A72-9B4056BA7F34}"
EndProject
Global
	GlobalSection(SolutionConfigurationPlatforms) = preSolution
		Debug|Any CPU = Debug|Any CPU
		Release|Any CPU = Release|Any CPU
	EndGlobalSection
	GlobalSection(ProjectConfigurationPlatforms) = postSolution
		{A43F8C05-1BDB-4A5F-9A72-9B4056BA7F34}.Debug|Any CPU.ActiveCfg = Debug|Any CPU
		{A43F8C05-1BDB-4A5F-9A72-9B4056BA7F34}.Debug|Any CPU.Build.0 = Debug|Any CPU
		{A43F8C05-1BDB-4A5F-9A72-9B4056BA7F34}.Release|Any CPU.ActiveCfg = Release|Any CPU
		{A43F8C05-1BDB-4A5F-9A72-9B4056BA7F34}.Release|Any CPU.Build.0 = Release|Any CPU
	EndGlobalSection
	GlobalSection(SolutionProperties) = preSolution
		HideSolutionNode = FALSE
	EndGlobalSection
	GlobalSection(ExtensibilityGlobals) = postSolution
		SolutionGuid = {7D5D8F44-856E-4500-900B-3AF93326B6C2}
	EndGlobalSection
EndGlobal
