
Microsoft Visual Studio Solution File, Format Version 12.00
# Visual Studio Version 16
VisualStudioVersion = 16.0.29613.14
MinimumVisualStudioVersion = 10.0.40219.1
Project("{FAE04EC0-301F-11D3-BF4B-00C04F79EFBC}") = "ListBoxDemo", "ListBoxDemo.csproj", "{FFEE3BE3-8734-41B4-91ED-E1324BCCA81A}"
EndProject
Global
	GlobalSection(SolutionConfigurationPlatforms) = preSolution
		Debug|Any CPU = Debug|Any CPU
		Release|Any CPU = Release|Any CPU
	EndGlobalSection
	GlobalSection(ProjectConfigurationPlatforms) = postSolution
		{FFEE3BE3-8734-41B4-91ED-E1324BCCA81A}.Debug|Any CPU.ActiveCfg = Debug|Any CPU
		{FFEE3BE3-8734-41B4-91ED-E1324BCCA81A}.Debug|Any CPU.Build.0 = Debug|Any CPU
		{FFEE3BE3-8734-41B4-91ED-E1324BCCA81A}.Release|Any CPU.ActiveCfg = Release|Any CPU
		{FFEE3BE3-8734-41B4-91ED-E1324BCCA81A}.Release|Any CPU.Build.0 = Release|Any CPU
	EndGlobalSection
	GlobalSection(SolutionProperties) = preSolution
		HideSolutionNode = FALSE
	EndGlobalSection
	GlobalSection(ExtensibilityGlobals) = postSolution
		SolutionGuid = {4436EC88-741B-49F6-9FDF-15E6BE11C768}
	EndGlobalSection
EndGlobal
