
Microsoft Visual Studio Solution File, Format Version 12.00
# Visual Studio Version 16
VisualStudioVersion = 16.0.29503.13
MinimumVisualStudioVersion = 10.0.40219.1
Project("{FAE04EC0-301F-11D3-BF4B-00C04F79EFBC}") = "factorial", "factorial.csproj", "{7C34D005-768C-4B46-9F18-5BFB73848102}"
EndProject
Global
	GlobalSection(SolutionConfigurationPlatforms) = preSolution
		Debug|Any CPU = Debug|Any CPU
		Release|Any CPU = Release|Any CPU
	EndGlobalSection
	GlobalSection(ProjectConfigurationPlatforms) = postSolution
		{7C34D005-768C-4B46-9F18-5BFB73848102}.Debug|Any CPU.ActiveCfg = Debug|Any CPU
		{7C34D005-768C-4B46-9F18-5BFB73848102}.Debug|Any CPU.Build.0 = Debug|Any CPU
		{7C34D005-768C-4B46-9F18-5BFB73848102}.Release|Any CPU.ActiveCfg = Release|Any CPU
		{7C34D005-768C-4B46-9F18-5BFB73848102}.Release|Any CPU.Build.0 = Release|Any CPU
	EndGlobalSection
	GlobalSection(SolutionProperties) = preSolution
		HideSolutionNode = FALSE
	EndGlobalSection
	GlobalSection(ExtensibilityGlobals) = postSolution
		SolutionGuid = {CDE4DFC0-C53D-4745-96AE-0BB8CD1E14D5}
	EndGlobalSection
EndGlobal
