
Microsoft Visual Studio Solution File, Format Version 12.00
# Visual Studio Version 16
VisualStudioVersion = 16.0.29613.14
MinimumVisualStudioVersion = 10.0.40219.1
Project("{FAE04EC0-301F-11D3-BF4B-00C04F79EFBC}") = "BubbleTea", "BubbleTea.csproj", "{868C2DCB-ABC9-4ACC-B08F-9633D9F5C4FC}"
EndProject
Global
	GlobalSection(SolutionConfigurationPlatforms) = preSolution
		Debug|Any CPU = Debug|Any CPU
		Release|Any CPU = Release|Any CPU
	EndGlobalSection
	GlobalSection(ProjectConfigurationPlatforms) = postSolution
		{868C2DCB-ABC9-4ACC-B08F-9633D9F5C4FC}.Debug|Any CPU.ActiveCfg = Debug|Any CPU
		{868C2DCB-ABC9-4ACC-B08F-9633D9F5C4FC}.Debug|Any CPU.Build.0 = Debug|Any CPU
		{868C2DCB-ABC9-4ACC-B08F-9633D9F5C4FC}.Release|Any CPU.ActiveCfg = Release|Any CPU
		{868C2DCB-ABC9-4ACC-B08F-9633D9F5C4FC}.Release|Any CPU.Build.0 = Release|Any CPU
	EndGlobalSection
	GlobalSection(SolutionProperties) = preSolution
		HideSolutionNode = FALSE
	EndGlobalSection
	GlobalSection(ExtensibilityGlobals) = postSolution
		SolutionGuid = {71CC7632-647B-4424-9425-AB47FFEE1282}
	EndGlobalSection
EndGlobal
