
Microsoft Visual Studio Solution File, Format Version 12.00
# Visual Studio Version 16
VisualStudioVersion = 16.0.29609.76
MinimumVisualStudioVersion = 10.0.40219.1
Project("{FAE04EC0-301F-11D3-BF4B-00C04F79EFBC}") = "Linq2", "Linq2.csproj", "{BA4578EB-8B40-47D6-916D-EB7AC099926A}"
EndProject
Global
	GlobalSection(SolutionConfigurationPlatforms) = preSolution
		Debug|Any CPU = Debug|Any CPU
		Release|Any CPU = Release|Any CPU
	EndGlobalSection
	GlobalSection(ProjectConfigurationPlatforms) = postSolution
		{BA4578EB-8B40-47D6-916D-EB7AC099926A}.Debug|Any CPU.ActiveCfg = Debug|Any CPU
		{BA4578EB-8B40-47D6-916D-EB7AC099926A}.Debug|Any CPU.Build.0 = Debug|Any CPU
		{BA4578EB-8B40-47D6-916D-EB7AC099926A}.Release|Any CPU.ActiveCfg = Release|Any CPU
		{BA4578EB-8B40-47D6-916D-EB7AC099926A}.Release|Any CPU.Build.0 = Release|Any CPU
	EndGlobalSection
	GlobalSection(SolutionProperties) = preSolution
		HideSolutionNode = FALSE
	EndGlobalSection
	GlobalSection(ExtensibilityGlobals) = postSolution
		SolutionGuid = {4AAAE3E3-21D5-452D-BFC2-28762097C61F}
	EndGlobalSection
EndGlobal
