
Microsoft Visual Studio Solution File, Format Version 12.00
# Visual Studio Version 16
VisualStudioVersion = 16.0.30011.22
MinimumVisualStudioVersion = 10.0.40219.1
Project("{FAE04EC0-301F-11D3-BF4B-00C04F79EFBC}") = "election", "election.csproj", "{48F34068-56B9-4B3E-B9E8-6E0C5B1B8F10}"
EndProject
Global
	GlobalSection(SolutionConfigurationPlatforms) = preSolution
		Debug|Any CPU = Debug|Any CPU
		Release|Any CPU = Release|Any CPU
	EndGlobalSection
	GlobalSection(ProjectConfigurationPlatforms) = postSolution
		{48F34068-56B9-4B3E-B9E8-6E0C5B1B8F10}.Debug|Any CPU.ActiveCfg = Debug|Any CPU
		{48F34068-56B9-4B3E-B9E8-6E0C5B1B8F10}.Debug|Any CPU.Build.0 = Debug|Any CPU
		{48F34068-56B9-4B3E-B9E8-6E0C5B1B8F10}.Release|Any CPU.ActiveCfg = Release|Any CPU
		{48F34068-56B9-4B3E-B9E8-6E0C5B1B8F10}.Release|Any CPU.Build.0 = Release|Any CPU
	EndGlobalSection
	GlobalSection(SolutionProperties) = preSolution
		HideSolutionNode = FALSE
	EndGlobalSection
	GlobalSection(ExtensibilityGlobals) = postSolution
		SolutionGuid = {BDF40AFF-52B7-4739-A1FF-4C4DE45EDFD9}
	EndGlobalSection
EndGlobal
