
Microsoft Visual Studio Solution File, Format Version 12.00
# Visual Studio Version 16
VisualStudioVersion = 16.0.29609.76
MinimumVisualStudioVersion = 10.0.40219.1
Project("{FAE04EC0-301F-11D3-BF4B-00C04F79EFBC}") = "Linq1", "Linq1.csproj", "{A69B428A-F0F0-408F-80A0-560FA8C07E55}"
EndProject
Global
	GlobalSection(SolutionConfigurationPlatforms) = preSolution
		Debug|Any CPU = Debug|Any CPU
		Release|Any CPU = Release|Any CPU
	EndGlobalSection
	GlobalSection(ProjectConfigurationPlatforms) = postSolution
		{A69B428A-F0F0-408F-80A0-560FA8C07E55}.Debug|Any CPU.ActiveCfg = Debug|Any CPU
		{A69B428A-F0F0-408F-80A0-560FA8C07E55}.Debug|Any CPU.Build.0 = Debug|Any CPU
		{A69B428A-F0F0-408F-80A0-560FA8C07E55}.Release|Any CPU.ActiveCfg = Release|Any CPU
		{A69B428A-F0F0-408F-80A0-560FA8C07E55}.Release|Any CPU.Build.0 = Release|Any CPU
	EndGlobalSection
	GlobalSection(SolutionProperties) = preSolution
		HideSolutionNode = FALSE
	EndGlobalSection
	GlobalSection(ExtensibilityGlobals) = postSolution
		SolutionGuid = {53778BF7-227E-435E-A089-EB3AC3CC1815}
	EndGlobalSection
EndGlobal
