
Microsoft Visual Studio Solution File, Format Version 12.00
# Visual Studio Version 16
VisualStudioVersion = 16.0.29503.13
MinimumVisualStudioVersion = 10.0.40219.1
Project("{FAE04EC0-301F-11D3-BF4B-00C04F79EFBC}") = "for1", "for1.csproj", "{8C620B16-6BA3-4412-8692-5DDAF41C773F}"
EndProject
Global
	GlobalSection(SolutionConfigurationPlatforms) = preSolution
		Debug|Any CPU = Debug|Any CPU
		Release|Any CPU = Release|Any CPU
	EndGlobalSection
	GlobalSection(ProjectConfigurationPlatforms) = postSolution
		{8C620B16-6BA3-4412-8692-5DDAF41C773F}.Debug|Any CPU.ActiveCfg = Debug|Any CPU
		{8C620B16-6BA3-4412-8692-5DDAF41C773F}.Debug|Any CPU.Build.0 = Debug|Any CPU
		{8C620B16-6BA3-4412-8692-5DDAF41C773F}.Release|Any CPU.ActiveCfg = Release|Any CPU
		{8C620B16-6BA3-4412-8692-5DDAF41C773F}.Release|Any CPU.Build.0 = Release|Any CPU
	EndGlobalSection
	GlobalSection(SolutionProperties) = preSolution
		HideSolutionNode = FALSE
	EndGlobalSection
	GlobalSection(ExtensibilityGlobals) = postSolution
		SolutionGuid = {571AAC65-7A8C-41A7-B54B-CC2CD9816E2F}
	EndGlobalSection
EndGlobal
