
Microsoft Visual Studio Solution File, Format Version 12.00
# Visual Studio Version 16
VisualStudioVersion = 16.0.29609.76
MinimumVisualStudioVersion = 10.0.40219.1
Project("{FAE04EC0-301F-11D3-BF4B-00C04F79EFBC}") = "write1", "write1.csproj", "{85C67DEF-F81D-453E-8DCA-068D89B515F1}"
EndProject
Global
	GlobalSection(SolutionConfigurationPlatforms) = preSolution
		Debug|Any CPU = Debug|Any CPU
		Release|Any CPU = Release|Any CPU
	EndGlobalSection
	GlobalSection(ProjectConfigurationPlatforms) = postSolution
		{85C67DEF-F81D-453E-8DCA-068D89B515F1}.Debug|Any CPU.ActiveCfg = Debug|Any CPU
		{85C67DEF-F81D-453E-8DCA-068D89B515F1}.Debug|Any CPU.Build.0 = Debug|Any CPU
		{85C67DEF-F81D-453E-8DCA-068D89B515F1}.Release|Any CPU.ActiveCfg = Release|Any CPU
		{85C67DEF-F81D-453E-8DCA-068D89B515F1}.Release|Any CPU.Build.0 = Release|Any CPU
	EndGlobalSection
	GlobalSection(SolutionProperties) = preSolution
		HideSolutionNode = FALSE
	EndGlobalSection
	GlobalSection(ExtensibilityGlobals) = postSolution
		SolutionGuid = {1B050544-CA9A-4ECD-8A67-760EF701B812}
	EndGlobalSection
EndGlobal
