
Microsoft Visual Studio Solution File, Format Version 12.00
# Visual Studio Version 16
VisualStudioVersion = 16.0.29609.76
MinimumVisualStudioVersion = 10.0.40219.1
Project("{FAE04EC0-301F-11D3-BF4B-00C04F79EFBC}") = "EF01", "EF01.csproj", "{D22D8D42-6D7A-4F61-9E9F-AF89848AF2EA}"
EndProject
Global
	GlobalSection(SolutionConfigurationPlatforms) = preSolution
		Debug|Any CPU = Debug|Any CPU
		Release|Any CPU = Release|Any CPU
	EndGlobalSection
	GlobalSection(ProjectConfigurationPlatforms) = postSolution
		{D22D8D42-6D7A-4F61-9E9F-AF89848AF2EA}.Debug|Any CPU.ActiveCfg = Debug|Any CPU
		{D22D8D42-6D7A-4F61-9E9F-AF89848AF2EA}.Debug|Any CPU.Build.0 = Debug|Any CPU
		{D22D8D42-6D7A-4F61-9E9F-AF89848AF2EA}.Release|Any CPU.ActiveCfg = Release|Any CPU
		{D22D8D42-6D7A-4F61-9E9F-AF89848AF2EA}.Release|Any CPU.Build.0 = Release|Any CPU
	EndGlobalSection
	GlobalSection(SolutionProperties) = preSolution
		HideSolutionNode = FALSE
	EndGlobalSection
	GlobalSection(ExtensibilityGlobals) = postSolution
		SolutionGuid = {00013055-6A30-4EA4-A672-19737B5307A4}
	EndGlobalSection
EndGlobal
