
Microsoft Visual Studio Solution File, Format Version 12.00
# Visual Studio Version 16
VisualStudioVersion = 16.0.30011.22
MinimumVisualStudioVersion = 10.0.40219.1
Project("{FAE04EC0-301F-11D3-BF4B-00C04F79EFBC}") = "RndObj", "RndObj.csproj", "{83780DE0-89CE-4FF6-A3E8-C0C471B20F95}"
EndProject
Global
	GlobalSection(SolutionConfigurationPlatforms) = preSolution
		Debug|Any CPU = Debug|Any CPU
		Release|Any CPU = Release|Any CPU
	EndGlobalSection
	GlobalSection(ProjectConfigurationPlatforms) = postSolution
		{83780DE0-89CE-4FF6-A3E8-C0C471B20F95}.Debug|Any CPU.ActiveCfg = Debug|Any CPU
		{83780DE0-89CE-4FF6-A3E8-C0C471B20F95}.Debug|Any CPU.Build.0 = Debug|Any CPU
		{83780DE0-89CE-4FF6-A3E8-C0C471B20F95}.Release|Any CPU.ActiveCfg = Release|Any CPU
		{83780DE0-89CE-4FF6-A3E8-C0C471B20F95}.Release|Any CPU.Build.0 = Release|Any CPU
	EndGlobalSection
	GlobalSection(SolutionProperties) = preSolution
		HideSolutionNode = FALSE
	EndGlobalSection
	GlobalSection(ExtensibilityGlobals) = postSolution
		SolutionGuid = {A228A1A4-F8DB-46F5-A57F-BE1D1CBF1F34}
	EndGlobalSection
EndGlobal
