
Microsoft Visual Studio Solution File, Format Version 12.00
# Visual Studio Version 16
VisualStudioVersion = 16.0.29613.14
MinimumVisualStudioVersion = 10.0.40219.1
Project("{FAE04EC0-301F-11D3-BF4B-00C04F79EFBC}") = "StreamRW", "StreamRW.csproj", "{814F090E-335E-435E-84F4-C950F03FCF89}"
EndProject
Global
	GlobalSection(SolutionConfigurationPlatforms) = preSolution
		Debug|Any CPU = Debug|Any CPU
		Release|Any CPU = Release|Any CPU
	EndGlobalSection
	GlobalSection(ProjectConfigurationPlatforms) = postSolution
		{814F090E-335E-435E-84F4-C950F03FCF89}.Debug|Any CPU.ActiveCfg = Debug|Any CPU
		{814F090E-335E-435E-84F4-C950F03FCF89}.Debug|Any CPU.Build.0 = Debug|Any CPU
		{814F090E-335E-435E-84F4-C950F03FCF89}.Release|Any CPU.ActiveCfg = Release|Any CPU
		{814F090E-335E-435E-84F4-C950F03FCF89}.Release|Any CPU.Build.0 = Release|Any CPU
	EndGlobalSection
	GlobalSection(SolutionProperties) = preSolution
		HideSolutionNode = FALSE
	EndGlobalSection
	GlobalSection(ExtensibilityGlobals) = postSolution
		SolutionGuid = {DA18F459-B776-443A-B34F-B9E6404086D5}
	EndGlobalSection
EndGlobal
