
Microsoft Visual Studio Solution File, Format Version 12.00
# Visual Studio Version 16
VisualStudioVersion = 16.0.29503.13
MinimumVisualStudioVersion = 10.0.40219.1
Project("{FAE04EC0-301F-11D3-BF4B-00C04F79EFBC}") = "breakcontinue", "breakcontinue.csproj", "{824CA445-D9EE-49FC-AE9D-69260BA207BE}"
EndProject
Global
	GlobalSection(SolutionConfigurationPlatforms) = preSolution
		Debug|Any CPU = Debug|Any CPU
		Release|Any CPU = Release|Any CPU
	EndGlobalSection
	GlobalSection(ProjectConfigurationPlatforms) = postSolution
		{824CA445-D9EE-49FC-AE9D-69260BA207BE}.Debug|Any CPU.ActiveCfg = Debug|Any CPU
		{824CA445-D9EE-49FC-AE9D-69260BA207BE}.Debug|Any CPU.Build.0 = Debug|Any CPU
		{824CA445-D9EE-49FC-AE9D-69260BA207BE}.Release|Any CPU.ActiveCfg = Release|Any CPU
		{824CA445-D9EE-49FC-AE9D-69260BA207BE}.Release|Any CPU.Build.0 = Release|Any CPU
	EndGlobalSection
	GlobalSection(SolutionProperties) = preSolution
		HideSolutionNode = FALSE
	EndGlobalSection
	GlobalSection(ExtensibilityGlobals) = postSolution
		SolutionGuid = {A9D3FF60-2F7A-414E-8232-985C5739E95E}
	EndGlobalSection
EndGlobal
