
Microsoft Visual Studio Solution File, Format Version 12.00
# Visual Studio Version 16
VisualStudioVersion = 16.0.29609.76
MinimumVisualStudioVersion = 10.0.40219.1
Project("{FAE04EC0-301F-11D3-BF4B-00C04F79EFBC}") = "ObjectSetValue", "ObjectSetValue.csproj", "{C4F3D527-03C6-4F06-BDFF-DB4FCF18B965}"
EndProject
Global
	GlobalSection(SolutionConfigurationPlatforms) = preSolution
		Debug|Any CPU = Debug|Any CPU
		Release|Any CPU = Release|Any CPU
	EndGlobalSection
	GlobalSection(ProjectConfigurationPlatforms) = postSolution
		{C4F3D527-03C6-4F06-BDFF-DB4FCF18B965}.Debug|Any CPU.ActiveCfg = Debug|Any CPU
		{C4F3D527-03C6-4F06-BDFF-DB4FCF18B965}.Debug|Any CPU.Build.0 = Debug|Any CPU
		{C4F3D527-03C6-4F06-BDFF-DB4FCF18B965}.Release|Any CPU.ActiveCfg = Release|Any CPU
		{C4F3D527-03C6-4F06-BDFF-DB4FCF18B965}.Release|Any CPU.Build.0 = Release|Any CPU
	EndGlobalSection
	GlobalSection(SolutionProperties) = preSolution
		HideSolutionNode = FALSE
	EndGlobalSection
	GlobalSection(ExtensibilityGlobals) = postSolution
		SolutionGuid = {0807C491-4758-4D1D-8556-BCFB6B3D7564}
	EndGlobalSection
EndGlobal
