
Microsoft Visual Studio Solution File, Format Version 12.00
# Visual Studio Version 16
VisualStudioVersion = 16.0.31424.327
MinimumVisualStudioVersion = 10.0.40219.1
Project("{FAE04EC0-301F-11D3-BF4B-00C04F79EFBC}") = "NBADB", "NBADB\NBADB.csproj", "{2C474298-E480-4CB1-8840-700B68B93EA1}"
EndProject
Global
	GlobalSection(SolutionConfigurationPlatforms) = preSolution
		Debug|Any CPU = Debug|Any CPU
		Release|Any CPU = Release|Any CPU
	EndGlobalSection
	GlobalSection(ProjectConfigurationPlatforms) = postSolution
		{2C474298-E480-4CB1-8840-700B68B93EA1}.Debug|Any CPU.ActiveCfg = Debug|Any CPU
		{2C474298-E480-4CB1-8840-700B68B93EA1}.Debug|Any CPU.Build.0 = Debug|Any CPU
		{2C474298-E480-4CB1-8840-700B68B93EA1}.Release|Any CPU.ActiveCfg = Release|Any CPU
		{2C474298-E480-4CB1-8840-700B68B93EA1}.Release|Any CPU.Build.0 = Release|Any CPU
	EndGlobalSection
	GlobalSection(SolutionProperties) = preSolution
		HideSolutionNode = FALSE
	EndGlobalSection
	GlobalSection(ExtensibilityGlobals) = postSolution
		SolutionGuid = {497B4186-C60D-4AF0-A0DB-25CE071B3155}
	EndGlobalSection
EndGlobal
