
Microsoft Visual Studio Solution File, Format Version 12.00
# Visual Studio Version 16
VisualStudioVersion = 16.0.29609.76
MinimumVisualStudioVersion = 10.0.40219.1
Project("{FAE04EC0-301F-11D3-BF4B-00C04F79EFBC}") = "FirstClass", "FirstClass.csproj", "{0166BA7E-0D8B-4494-BB5E-2FFC94405D89}"
EndProject
Global
	GlobalSection(SolutionConfigurationPlatforms) = preSolution
		Debug|Any CPU = Debug|Any CPU
		Release|Any CPU = Release|Any CPU
	EndGlobalSection
	GlobalSection(ProjectConfigurationPlatforms) = postSolution
		{0166BA7E-0D8B-4494-BB5E-2FFC94405D89}.Debug|Any CPU.ActiveCfg = Debug|Any CPU
		{0166BA7E-0D8B-4494-BB5E-2FFC94405D89}.Debug|Any CPU.Build.0 = Debug|Any CPU
		{0166BA7E-0D8B-4494-BB5E-2FFC94405D89}.Release|Any CPU.ActiveCfg = Release|Any CPU
		{0166BA7E-0D8B-4494-BB5E-2FFC94405D89}.Release|Any CPU.Build.0 = Release|Any CPU
	EndGlobalSection
	GlobalSection(SolutionProperties) = preSolution
		HideSolutionNode = FALSE
	EndGlobalSection
	GlobalSection(ExtensibilityGlobals) = postSolution
		SolutionGuid = {2DE4308B-0C03-480A-A4E4-531831ABE902}
	EndGlobalSection
EndGlobal
