
Microsoft Visual Studio Solution File, Format Version 12.00
# Visual Studio Version 16
VisualStudioVersion = 16.0.29503.13
MinimumVisualStudioVersion = 10.0.40219.1
Project("{FAE04EC0-301F-11D3-BF4B-00C04F79EFBC}") = "try4", "try4.csproj", "{EF0D5264-5994-4D03-92EB-5968BDC566CE}"
EndProject
Global
	GlobalSection(SolutionConfigurationPlatforms) = preSolution
		Debug|Any CPU = Debug|Any CPU
		Release|Any CPU = Release|Any CPU
	EndGlobalSection
	GlobalSection(ProjectConfigurationPlatforms) = postSolution
		{EF0D5264-5994-4D03-92EB-5968BDC566CE}.Debug|Any CPU.ActiveCfg = Debug|Any CPU
		{EF0D5264-5994-4D03-92EB-5968BDC566CE}.Debug|Any CPU.Build.0 = Debug|Any CPU
		{EF0D5264-5994-4D03-92EB-5968BDC566CE}.Release|Any CPU.ActiveCfg = Release|Any CPU
		{EF0D5264-5994-4D03-92EB-5968BDC566CE}.Release|Any CPU.Build.0 = Release|Any CPU
	EndGlobalSection
	GlobalSection(SolutionProperties) = preSolution
		HideSolutionNode = FALSE
	EndGlobalSection
	GlobalSection(ExtensibilityGlobals) = postSolution
		SolutionGuid = {F73C352E-4856-4CE8-9AD0-FCF93B97AE51}
	EndGlobalSection
EndGlobal
