
Microsoft Visual Studio Solution File, Format Version 12.00
# Visual Studio Version 16
VisualStudioVersion = 16.0.29613.14
MinimumVisualStudioVersion = 10.0.40219.1
Project("{FAE04EC0-301F-11D3-BF4B-00C04F79EFBC}") = "Notepad", "Notepad.csproj", "{3E5E4B1B-468A-4194-8B87-A478F7E830A9}"
EndProject
Global
	GlobalSection(SolutionConfigurationPlatforms) = preSolution
		Debug|Any CPU = Debug|Any CPU
		Release|Any CPU = Release|Any CPU
	EndGlobalSection
	GlobalSection(ProjectConfigurationPlatforms) = postSolution
		{3E5E4B1B-468A-4194-8B87-A478F7E830A9}.Debug|Any CPU.ActiveCfg = Debug|Any CPU
		{3E5E4B1B-468A-4194-8B87-A478F7E830A9}.Debug|Any CPU.Build.0 = Debug|Any CPU
		{3E5E4B1B-468A-4194-8B87-A478F7E830A9}.Release|Any CPU.ActiveCfg = Release|Any CPU
		{3E5E4B1B-468A-4194-8B87-A478F7E830A9}.Release|Any CPU.Build.0 = Release|Any CPU
	EndGlobalSection
	GlobalSection(SolutionProperties) = preSolution
		HideSolutionNode = FALSE
	EndGlobalSection
	GlobalSection(ExtensibilityGlobals) = postSolution
		SolutionGuid = {6CA177F0-03E2-4444-B4DD-E7FB2846DCD7}
	EndGlobalSection
EndGlobal
