
Microsoft Visual Studio Solution File, Format Version 12.00
# Visual Studio Version 16
VisualStudioVersion = 16.0.30011.22
MinimumVisualStudioVersion = 10.0.40219.1
Project("{FAE04EC0-301F-11D3-BF4B-00C04F79EFBC}") = "Recursive", "Recursive.csproj", "{EE6CD6C0-8F48-412E-A38E-E63A793277A3}"
EndProject
Global
	GlobalSection(SolutionConfigurationPlatforms) = preSolution
		Debug|Any CPU = Debug|Any CPU
		Release|Any CPU = Release|Any CPU
	EndGlobalSection
	GlobalSection(ProjectConfigurationPlatforms) = postSolution
		{EE6CD6C0-8F48-412E-A38E-E63A793277A3}.Debug|Any CPU.ActiveCfg = Debug|Any CPU
		{EE6CD6C0-8F48-412E-A38E-E63A793277A3}.Debug|Any CPU.Build.0 = Debug|Any CPU
		{EE6CD6C0-8F48-412E-A38E-E63A793277A3}.Release|Any CPU.ActiveCfg = Release|Any CPU
		{EE6CD6C0-8F48-412E-A38E-E63A793277A3}.Release|Any CPU.Build.0 = Release|Any CPU
	EndGlobalSection
	GlobalSection(SolutionProperties) = preSolution
		HideSolutionNode = FALSE
	EndGlobalSection
	GlobalSection(ExtensibilityGlobals) = postSolution
		SolutionGuid = {4019C8BE-CE37-430A-AE55-461645069AA6}
	EndGlobalSection
EndGlobal
