
Microsoft Visual Studio Solution File, Format Version 12.00
# Visual Studio Version 16
VisualStudioVersion = 16.0.30011.22
MinimumVisualStudioVersion = 10.0.40219.1
Project("{FAE04EC0-301F-11D3-BF4B-00C04F79EFBC}") = "textbox1", "textbox1.csproj", "{16181DD0-D39D-418B-9B23-B3F776173D0F}"
EndProject
Global
	GlobalSection(SolutionConfigurationPlatforms) = preSolution
		Debug|Any CPU = Debug|Any CPU
		Release|Any CPU = Release|Any CPU
	EndGlobalSection
	GlobalSection(ProjectConfigurationPlatforms) = postSolution
		{16181DD0-D39D-418B-9B23-B3F776173D0F}.Debug|Any CPU.ActiveCfg = Debug|Any CPU
		{16181DD0-D39D-418B-9B23-B3F776173D0F}.Debug|Any CPU.Build.0 = Debug|Any CPU
		{16181DD0-D39D-418B-9B23-B3F776173D0F}.Release|Any CPU.ActiveCfg = Release|Any CPU
		{16181DD0-D39D-418B-9B23-B3F776173D0F}.Release|Any CPU.Build.0 = Release|Any CPU
	EndGlobalSection
	GlobalSection(SolutionProperties) = preSolution
		HideSolutionNode = FALSE
	EndGlobalSection
	GlobalSection(ExtensibilityGlobals) = postSolution
		SolutionGuid = {DA7C0BC3-28AF-47AF-8F68-C46B6DDCFD2F}
	EndGlobalSection
EndGlobal
